
Microsoft Visual Studio Solution File, Format Version 12.00
# Visual Studio Version 17
VisualStudioVersion = 17.3.32825.248
MinimumVisualStudioVersion = 10.0.40219.1
Project("{FAE04EC0-301F-11D3-BF4B-00C04F79EFBC}") = "Tumacov22", "Tumacov22\Tumacov22.csproj", "{6516C929-159E-483E-A626-D032F8AE4C44}"
EndProject
Global
	GlobalSection(SolutionConfigurationPlatforms) = preSolution
		Debug|Any CPU = Debug|Any CPU
		Release|Any CPU = Release|Any CPU
	EndGlobalSection
	GlobalSection(ProjectConfigurationPlatforms) = postSolution
		{6516C929-159E-483E-A626-D032F8AE4C44}.Debug|Any CPU.ActiveCfg = Debug|Any CPU
		{6516C929-159E-483E-A626-D032F8AE4C44}.Debug|Any CPU.Build.0 = Debug|Any CPU
		{6516C929-159E-483E-A626-D032F8AE4C44}.Release|Any CPU.ActiveCfg = Release|Any CPU
		{6516C929-159E-483E-A626-D032F8AE4C44}.Release|Any CPU.Build.0 = Release|Any CPU
	EndGlobalSection
	GlobalSection(SolutionProperties) = preSolution
		HideSolutionNode = FALSE
	EndGlobalSection
	GlobalSection(ExtensibilityGlobals) = postSolution
		SolutionGuid = {4EEF3189-7D73-4379-883B-4AEAA6C6C484}
	EndGlobalSection
EndGlobal
